
Microsoft Visual Studio Solution File, Format Version 12.00
# Visual Studio 14
VisualStudioVersion = 14.0.24720.0
MinimumVisualStudioVersion = 10.0.40219.1
Project("{FAE04EC0-301F-11D3-BF4B-00C04F79EFBC}") = "Task2Library", "Task2Library\Task2Library.csproj", "{29045EF4-019E-49CC-8596-7E6808CD9536}"
EndProject
Project("{FAE04EC0-301F-11D3-BF4B-00C04F79EFBC}") = "ConsoleTask2", "ConsoleTask2\ConsoleTask2.csproj", "{689E47E4-C607-45AB-88FA-D631A5E78881}"
EndProject
Project("{FAE04EC0-301F-11D3-BF4B-00C04F79EFBC}") = "Task2Test", "Task2Test\Task2Test.csproj", "{BEACE46B-0F0A-44A8-96A0-97B1FA7C9918}"
EndProject
Global
	GlobalSection(SolutionConfigurationPlatforms) = preSolution
		Debug|Any CPU = Debug|Any CPU
		Release|Any CPU = Release|Any CPU
	EndGlobalSection
	GlobalSection(ProjectConfigurationPlatforms) = postSolution
		{29045EF4-019E-49CC-8596-7E6808CD9536}.Debug|Any CPU.ActiveCfg = Debug|Any CPU
		{29045EF4-019E-49CC-8596-7E6808CD9536}.Debug|Any CPU.Build.0 = Debug|Any CPU
		{29045EF4-019E-49CC-8596-7E6808CD9536}.Release|Any CPU.ActiveCfg = Release|Any CPU
		{29045EF4-019E-49CC-8596-7E6808CD9536}.Release|Any CPU.Build.0 = Release|Any CPU
		{689E47E4-C607-45AB-88FA-D631A5E78881}.Debug|Any CPU.ActiveCfg = Debug|Any CPU
		{689E47E4-C607-45AB-88FA-D631A5E78881}.Debug|Any CPU.Build.0 = Debug|Any CPU
		{689E47E4-C607-45AB-88FA-D631A5E78881}.Release|Any CPU.ActiveCfg = Release|Any CPU
		{689E47E4-C607-45AB-88FA-D631A5E78881}.Release|Any CPU.Build.0 = Release|Any CPU
		{BEACE46B-0F0A-44A8-96A0-97B1FA7C9918}.Debug|Any CPU.ActiveCfg = Debug|Any CPU
		{BEACE46B-0F0A-44A8-96A0-97B1FA7C9918}.Debug|Any CPU.Build.0 = Debug|Any CPU
		{BEACE46B-0F0A-44A8-96A0-97B1FA7C9918}.Release|Any CPU.ActiveCfg = Release|Any CPU
		{BEACE46B-0F0A-44A8-96A0-97B1FA7C9918}.Release|Any CPU.Build.0 = Release|Any CPU
	EndGlobalSection
	GlobalSection(SolutionProperties) = preSolution
		HideSolutionNode = FALSE
	EndGlobalSection
EndGlobal
